<Solution>
  <Project Path="FacilityService.Application/FacilityService.Application.csproj" />
  <Project Path="FacilityService.Domain/FacilityService.Domain.csproj" />
  <Project Path="FacilityService.Infrastructure/FacilityService.Infrastructure.csproj" />
  <Project Path="FacilityService.Presentation/FacilityService.Presentation.csproj" />
  <Project Path="FacilityService.Test/FacilityService.Test.csproj" />
</Solution>
